
Microsoft Visual Studio Solution File, Format Version 12.00
# Visual Studio 14
VisualStudioVersion = 14.0.25420.1
MinimumVisualStudioVersion = 10.0.40219.1
Project("{FAE04EC0-301F-11D3-BF4B-00C04F79EFBC}") = "GAtec.Agro.App", "GAtec.Agro.App\GAtec.Agro.App.csproj", "{95CED8E3-1CF4-4D94-B109-C5CD7A775995}"
EndProject
Project("{FAE04EC0-301F-11D3-BF4B-00C04F79EFBC}") = "GAtec.Consultas", "GAtec.Consultas\GAtec.Consultas.csproj", "{549CE7DD-FCA6-4BF3-A37C-7C59244E2884}"
EndProject
Project("{FAE04EC0-301F-11D3-BF4B-00C04F79EFBC}") = "GAtec.Data", "GAtec.Data\GAtec.Data.csproj", "{803CB979-C8B2-47FC-ADCF-CFED35CDC972}"
EndProject
Project("{FAE04EC0-301F-11D3-BF4B-00C04F79EFBC}") = "GAtec.NHTest", "GAtec.NHTest\GAtec.NHTest.csproj", "{E73EBA39-C48C-4078-BEEC-76A22155B047}"
EndProject
Project("{FAE04EC0-301F-11D3-BF4B-00C04F79EFBC}") = "NhSamples", "NhSamples\NhSamples.csproj", "{37B612CB-0889-4B48-BE78-CF02F78EDD59}"
EndProject
Global
	GlobalSection(SolutionConfigurationPlatforms) = preSolution
		Debug|Any CPU = Debug|Any CPU
		Release|Any CPU = Release|Any CPU
	EndGlobalSection
	GlobalSection(ProjectConfigurationPlatforms) = postSolution
		{95CED8E3-1CF4-4D94-B109-C5CD7A775995}.Debug|Any CPU.ActiveCfg = Debug|Any CPU
		{95CED8E3-1CF4-4D94-B109-C5CD7A775995}.Debug|Any CPU.Build.0 = Debug|Any CPU
		{95CED8E3-1CF4-4D94-B109-C5CD7A775995}.Release|Any CPU.ActiveCfg = Release|Any CPU
		{95CED8E3-1CF4-4D94-B109-C5CD7A775995}.Release|Any CPU.Build.0 = Release|Any CPU
		{549CE7DD-FCA6-4BF3-A37C-7C59244E2884}.Debug|Any CPU.ActiveCfg = Debug|Any CPU
		{549CE7DD-FCA6-4BF3-A37C-7C59244E2884}.Debug|Any CPU.Build.0 = Debug|Any CPU
		{549CE7DD-FCA6-4BF3-A37C-7C59244E2884}.Release|Any CPU.ActiveCfg = Release|Any CPU
		{549CE7DD-FCA6-4BF3-A37C-7C59244E2884}.Release|Any CPU.Build.0 = Release|Any CPU
		{803CB979-C8B2-47FC-ADCF-CFED35CDC972}.Debug|Any CPU.ActiveCfg = Debug|Any CPU
		{803CB979-C8B2-47FC-ADCF-CFED35CDC972}.Debug|Any CPU.Build.0 = Debug|Any CPU
		{803CB979-C8B2-47FC-ADCF-CFED35CDC972}.Release|Any CPU.ActiveCfg = Release|Any CPU
		{803CB979-C8B2-47FC-ADCF-CFED35CDC972}.Release|Any CPU.Build.0 = Release|Any CPU
		{E73EBA39-C48C-4078-BEEC-76A22155B047}.Debug|Any CPU.ActiveCfg = Debug|Any CPU
		{E73EBA39-C48C-4078-BEEC-76A22155B047}.Debug|Any CPU.Build.0 = Debug|Any CPU
		{E73EBA39-C48C-4078-BEEC-76A22155B047}.Release|Any CPU.ActiveCfg = Release|Any CPU
		{E73EBA39-C48C-4078-BEEC-76A22155B047}.Release|Any CPU.Build.0 = Release|Any CPU
		{37B612CB-0889-4B48-BE78-CF02F78EDD59}.Debug|Any CPU.ActiveCfg = Debug|Any CPU
		{37B612CB-0889-4B48-BE78-CF02F78EDD59}.Debug|Any CPU.Build.0 = Debug|Any CPU
		{37B612CB-0889-4B48-BE78-CF02F78EDD59}.Release|Any CPU.ActiveCfg = Release|Any CPU
		{37B612CB-0889-4B48-BE78-CF02F78EDD59}.Release|Any CPU.Build.0 = Release|Any CPU
	EndGlobalSection
	GlobalSection(SolutionProperties) = preSolution
		HideSolutionNode = FALSE
	EndGlobalSection
EndGlobal
